
Microsoft Visual Studio Solution File, Format Version 12.00
Project("{FAE04EC0-301F-11D3-BF4B-00C04F79EFBC}") = "Cli", "Cli\Cli.csproj", "{17B97E7C-7AD0-4C74-9D82-67B7A6E6AD18}"
EndProject
Global
	GlobalSection(SolutionConfigurationPlatforms) = preSolution
		Debug|Any CPU = Debug|Any CPU
		Release|Any CPU = Release|Any CPU
	EndGlobalSection
	GlobalSection(ProjectConfigurationPlatforms) = postSolution
		{17B97E7C-7AD0-4C74-9D82-67B7A6E6AD18}.Debug|Any CPU.ActiveCfg = Debug|Any CPU
		{17B97E7C-7AD0-4C74-9D82-67B7A6E6AD18}.Debug|Any CPU.Build.0 = Debug|Any CPU
		{17B97E7C-7AD0-4C74-9D82-67B7A6E6AD18}.Release|Any CPU.ActiveCfg = Release|Any CPU
		{17B97E7C-7AD0-4C74-9D82-67B7A6E6AD18}.Release|Any CPU.Build.0 = Release|Any CPU
	EndGlobalSection
EndGlobal
